
Microsoft Visual Studio Solution File, Format Version 12.00
# Visual Studio Version 17
VisualStudioVersion = 17.7.34031.279
MinimumVisualStudioVersion = 10.0.40219.1
Project("{FAE04EC0-301F-11D3-BF4B-00C04F79EFBC}") = "UTSMudah1", "UTSMudah1\UTSMudah1.csproj", "{714D4581-7B8D-4A94-A987-92FAD0BC6491}"
EndProject
Global
	GlobalSection(SolutionConfigurationPlatforms) = preSolution
		Debug|Any CPU = Debug|Any CPU
		Release|Any CPU = Release|Any CPU
	EndGlobalSection
	GlobalSection(ProjectConfigurationPlatforms) = postSolution
		{714D4581-7B8D-4A94-A987-92FAD0BC6491}.Debug|Any CPU.ActiveCfg = Debug|Any CPU
		{714D4581-7B8D-4A94-A987-92FAD0BC6491}.Debug|Any CPU.Build.0 = Debug|Any CPU
		{714D4581-7B8D-4A94-A987-92FAD0BC6491}.Release|Any CPU.ActiveCfg = Release|Any CPU
		{714D4581-7B8D-4A94-A987-92FAD0BC6491}.Release|Any CPU.Build.0 = Release|Any CPU
	EndGlobalSection
	GlobalSection(SolutionProperties) = preSolution
		HideSolutionNode = FALSE
	EndGlobalSection
	GlobalSection(ExtensibilityGlobals) = postSolution
		SolutionGuid = {C2CC125C-78AB-45D4-86CE-39F596522B08}
	EndGlobalSection
EndGlobal
